{
  "name": "Booking",
  "lockfileVersion": 3,
  "requires": true,
  "packages": {
    "": {
      "dependencies": {
        "@opentelemetry/sdk-trace-base": "^1.23.0"
      }
    },
    "node_modules/@opentelemetry/api": {
      "version": "1.8.0",
      "resolved": "https://registry.npmjs.org/@opentelemetry/api/-/api-1.8.0.tgz",
      "integrity": "sha512-I/s6F7yKUDdtMsoBWXJe8Qz40Tui5vsuKCWJEWVL+5q9sSWRzzx6v2KeNsOBEwd94j0eWkpWCH4yB6rZg9Mf0w==",
      "peer": true,
      "engines": {
        "node": ">=8.0.0"
      }
    },
    "node_modules/@opentelemetry/core": {
      "version": "1.23.0",
      "resolved": "https://registry.npmjs.org/@opentelemetry/core/-/core-1.23.0.tgz",
      "integrity": "sha512-hdQ/a9TMzMQF/BO8Cz1juA43/L5YGtCSiKoOHmrTEf7VMDAZgy8ucpWx3eQTnQ3gBloRcWtzvcrMZABC3PTSKQ==",
      "dependencies": {
        "@opentelemetry/semantic-conventions": "1.23.0"
      },
      "engines": {
        "node": ">=14"
      },
      "peerDependencies": {
        "@opentelemetry/api": ">=1.0.0 <1.9.0"
      }
    },
    "node_modules/@opentelemetry/resources": {
      "version": "1.23.0",
      "resolved": "https://registry.npmjs.org/@opentelemetry/resources/-/resources-1.23.0.tgz",
      "integrity": "sha512-iPRLfVfcEQynYGo7e4Di+ti+YQTAY0h5mQEUJcHlU9JOqpb4x965O6PZ+wMcwYVY63G96KtdS86YCM1BF1vQZg==",
      "dependencies": {
        "@opentelemetry/core": "1.23.0",
        "@opentelemetry/semantic-conventions": "1.23.0"
      },
      "engines": {
        "node": ">=14"
      },
      "peerDependencies": {
        "@opentelemetry/api": ">=1.0.0 <1.9.0"
      }
    },
    "node_modules/@opentelemetry/sdk-trace-base": {
      "version": "1.23.0",
      "resolved": "https://registry.npmjs.org/@opentelemetry/sdk-trace-base/-/sdk-trace-base-1.23.0.tgz",
      "integrity": "sha512-PzBmZM8hBomUqvCddF/5Olyyviayka44O5nDWq673np3ctnvwMOvNrsUORZjKja1zJbwEuD9niAGbnVrz3jwRQ==",
      "dependencies": {
        "@opentelemetry/core": "1.23.0",
        "@opentelemetry/resources": "1.23.0",
        "@opentelemetry/semantic-conventions": "1.23.0"
      },
      "engines": {
        "node": ">=14"
      },
      "peerDependencies": {
        "@opentelemetry/api": ">=1.0.0 <1.9.0"
      }
    },
    "node_modules/@opentelemetry/semantic-conventions": {
      "version": "1.23.0",
      "resolved": "https://registry.npmjs.org/@opentelemetry/semantic-conventions/-/semantic-conventions-1.23.0.tgz",
      "integrity": "sha512-MiqFvfOzfR31t8cc74CTP1OZfz7MbqpAnLCra8NqQoaHJX6ncIRTdYOQYBDQ2uFISDq0WY8Y9dDTWvsgzzBYRg==",
      "engines": {
        "node": ">=14"
      }
    }
  }
}
